
Microsoft Visual Studio Solution File, Format Version 12.00
# Visual Studio Version 17
VisualStudioVersion = 17.7.34031.279
MinimumVisualStudioVersion = 10.0.40219.1
Project("{FAE04EC0-301F-11D3-BF4B-00C04F79EFBC}") = "Gutenberg", "Gutenberg\Gutenberg.csproj", "{F091FF8F-733B-4224-8EC9-08E2C30267CE}"
EndProject
Global
	GlobalSection(SolutionConfigurationPlatforms) = preSolution
		Debug|Any CPU = Debug|Any CPU
		Release|Any CPU = Release|Any CPU
	EndGlobalSection
	GlobalSection(ProjectConfigurationPlatforms) = postSolution
		{F091FF8F-733B-4224-8EC9-08E2C30267CE}.Debug|Any CPU.ActiveCfg = Debug|Any CPU
		{F091FF8F-733B-4224-8EC9-08E2C30267CE}.Debug|Any CPU.Build.0 = Debug|Any CPU
		{F091FF8F-733B-4224-8EC9-08E2C30267CE}.Release|Any CPU.ActiveCfg = Release|Any CPU
		{F091FF8F-733B-4224-8EC9-08E2C30267CE}.Release|Any CPU.Build.0 = Release|Any CPU
	EndGlobalSection
	GlobalSection(SolutionProperties) = preSolution
		HideSolutionNode = FALSE
	EndGlobalSection
	GlobalSection(ExtensibilityGlobals) = postSolution
		SolutionGuid = {782036FF-75DE-4B9C-B8E9-374FEE0E30DB}
	EndGlobalSection
EndGlobal
